# This file is autogenerated, do not edit; changes may be undone by the next 'dep ensure'.


[[projects]]
  branch = "master"
  digest = "1:27e9bdac8ee7db012796f872fafc900794755e4cbc91a39dd272d0cb1a30d57c"
  name = "github.com/bsphere/le_go"
  packages = ["."]
  pruneopts = "UT"
  revision = "7a984a84b5492ae539b79b62fb4a10afc63c7bcf"

[[projects]]
  digest = "1:fed1f537c2f1269fe475a8556c393fe466641682d73ef8fd0491cd3aa1e47bad"
  name = "github.com/certifi/gocertifi"
  packages = ["."]
  pruneopts = "UT"
  revision = "deb3ae2ef2610fde3330947281941c562861188b"
  version = "2018.01.18"

[[projects]]
  digest = "1:d18f6f088d7d8365df47f49dfa24b6ff6701a941118ffda30c589d1bd954074b"
  name = "github.com/getsentry/raven-go"
  packages = ["."]
  pruneopts = "UT"
  revision = "f04e7487e9a6b9d9837d52743fb5f40576c56411"
  version = "v0.2.0"

[[projects]]
  digest = "1:5e4935cc8119106bd57106538ef40f98a69b801e43c98b6bba24354604d5883f"
  name = "github.com/graph-gophers/dataloader"
  packages = ["."]
  pruneopts = "UT"
  revision = "78139374585c29dcb97b8f33089ed11959e4be59"
  version = "v5"

[[projects]]
  branch = "master"
  digest = "1:cd77d3674b330af40b08e6244b98464cb37f33d25451f03ce0e8a17c98a115aa"
  name = "github.com/graph-gophers/graphql-go"
  packages = [
    ".",
    "errors",
    "internal/common",
    "internal/exec",
    "internal/exec/packer",
    "internal/exec/resolvable",
    "internal/exec/selected",
    "internal/query",
    "internal/schema",
    "internal/validation",
    "introspection",
    "log",
    "trace",
  ]
  pruneopts = "UT"
  revision = "5ef3e23df8475b6f9c130cac2b0b077f0b557d86"

[[projects]]
  digest = "1:a0216296da5c3191358b114fa8d2490477f5dff7380541551495b4f2a16989b3"
  name = "github.com/jinzhu/gorm"
  packages = [
    ".",
    "dialects/postgres",
  ]
  pruneopts = "UT"
  revision = "81c17a7e2529c59efc4e74c5b32c1fb71fb12fa2"
  version = "v1.9.11"

[[projects]]
  digest = "1:01ed62f8f4f574d8aff1d88caee113700a2b44c42351943fa73cc1808f736a50"
  name = "github.com/jinzhu/inflection"
  packages = ["."]
  pruneopts = "UT"
  revision = "f5c5f50e6090ae76a29240b61ae2a90dd810112e"
  version = "v1.0.0"

[[projects]]
  digest = "1:ecd9aa82687cf31d1585d4ac61d0ba180e42e8a6182b85bd785fcca8dfeefc1b"
  name = "github.com/joho/godotenv"
  packages = ["."]
  pruneopts = "UT"
  revision = "23d116af351c84513e1946b527c88823e476be13"
  version = "v1.3.0"

[[projects]]
  digest = "1:09870171644264a62e9e230d74ec0cea7ce32d7cbdc59e3231630452f31fa313"
  name = "github.com/k3a/html2text"
  packages = ["."]
  pruneopts = "UT"
  revision = "62431c4a3ba5b8a46ac1a59631c5c2e95f144c53"
  version = "1.0.5"

[[projects]]
  digest = "1:fd9bea48bbc5bba66d9891c72af7255fbebecdff845c37c679406174ece5ca1b"
  name = "github.com/kelseyhightower/envconfig"
  packages = ["."]
  pruneopts = "UT"
  revision = "0b417c4ec4a8a82eecc22a1459a504aa55163d61"
  version = "v1.4.0"

[[projects]]
  digest = "1:0ead8e64fe356bd9221605e3ec40b4438509868018cbbbaaaff3ebae1b69b78b"
  name = "github.com/lib/pq"
  packages = [
    ".",
    "hstore",
    "oid",
    "scram",
  ]
  pruneopts = "UT"
  revision = "3427c32cb71afc948325f299f040e53c1dd78979"
  version = "v1.2.0"

[[projects]]
  digest = "1:ea6d165b8b6595ba97507901848496c79826eaa55db25a700ea6540504251efd"
  name = "github.com/newrelic/go-agent"
  packages = [
    ".",
    "internal",
    "internal/cat",
    "internal/jsonx",
    "internal/logger",
    "internal/sysinfo",
    "internal/utilization",
  ]
  pruneopts = "UT"
  revision = "71b189101d95daff8af73d3ca0af5f7f5948d917"
  version = "v2.15.0"

[[projects]]
  digest = "1:11e62d6050198055e6cd87ed57e5d8c669e84f839c16e16f192374d913d1a70d"
  name = "github.com/opentracing/opentracing-go"
  packages = [
    ".",
    "ext",
    "log",
  ]
  pruneopts = "UT"
  revision = "659c90643e714681897ec2521c60567dd21da733"
  version = "v1.1.0"

[[projects]]
  digest = "1:cf31692c14422fa27c83a05292eb5cbe0fb2775972e8f1f8446a71549bd8980b"
  name = "github.com/pkg/errors"
  packages = ["."]
  pruneopts = "UT"
  revision = "ba968bfe8b2f7e042a574c888954fccecfa385b4"
  version = "v0.8.1"

[[projects]]
  branch = "master"
  digest = "1:025bfcde85f1c86ef2b39dffc248f829ef6652c4e90923dbdc512186ef42eff0"
  name = "github.com/reservamos/search"
  packages = [
    "graphql/loader",
    "graphql/utils",
    "internal/config",
    "internal/wsclient",
    "perform/models/responses",
    "perform/models/sql",
    "perform/models/sql/utils",
    "perform/utils",
  ]
  pruneopts = "UT"
  revision = "ea42d4ce003a5aad6e3aaada00516ac9db92291b"

[[projects]]
  digest = "1:e7971bcafd2257eaf2eb0a7f40c89d73c5ed736ddd34b833590d4787ae148c20"
  name = "github.com/stackimpact/stackimpact-go"
  packages = [
    ".",
    "internal",
    "internal/pprof/profile",
  ]
  pruneopts = "UT"
  revision = "38d4d54fed89839b8ac89220b486ae4af12dd621"
  version = "v2.3.10"

[[projects]]
  branch = "v2"
  digest = "1:4af24de1cba937fb5ef082e8860a47fd46282e6863c01930359368ee121e3114"
  name = "gopkg.in/mgo.v2"
  packages = [
    ".",
    "bson",
    "internal/json",
    "internal/sasl",
    "internal/scram",
  ]
  pruneopts = "UT"
  revision = "a6b53ec6cb22a3699387a57a161566f9402ee85b"

[solve-meta]
  analyzer-name = "dep"
  analyzer-version = 1
  input-imports = [
    "github.com/graph-gophers/graphql-go",
    "github.com/reservamos/search/graphql/loader",
  ]
  solver-name = "gps-cdcl"
  solver-version = 1
